// !$*UTF8*$!
{
	archiveVersion = 1;
	classes = {
	};
	objectVersion = 46;
	objects = {

/* Begin PBXBuildFile section */
		F21A5D201F2ACE3F0014F42B /* CloudKit.framework in Frameworks */ = {isa = PBXBuildFile; fileRef = F21A5D1F1F2ACE3F0014F42B /* CloudKit.framework */; settings = {ATTRIBUTES = (Required, ); }; };
		F24FB34E1F283F0A00D26984 /* AppDelegate.swift in Sources */ = {isa = PBXBuildFile; fileRef = F24FB34D1F283F0A00D26984 /* AppDelegate.swift */; };
		F24FB3531F283F0A00D26984 /* Main.storyboard in Resources */ = {isa = PBXBuildFile; fileRef = F24FB3511F283F0A00D26984 /* Main.storyboard */; };
		F24FB3551F283F0A00D26984 /* Assets.xcassets in Resources */ = {isa = PBXBuildFile; fileRef = F24FB3541F283F0A00D26984 /* Assets.xcassets */; };
		F24FB3581F283F0A00D26984 /* LaunchScreen.storyboard in Resources */ = {isa = PBXBuildFile; fileRef = F24FB3561F283F0A00D26984 /* LaunchScreen.storyboard */; };
		F24FB3641F28473A00D26984 /* CouldKit.swift in Sources */ = {isa = PBXBuildFile; fileRef = F24FB3631F28473A00D26984 /* CouldKit.swift */; };
		F24FB3661F284DE300D26984 /* HomeViewController.swift in Sources */ = {isa = PBXBuildFile; fileRef = F24FB3651F284DE300D26984 /* HomeViewController.swift */; };
/* End PBXBuildFile section */

/* Begin PBXFileReference section */
		F21A5D1D1F2ACE3C0014F42B /* PicFeed.entitlements */ = {isa = PBXFileReference; lastKnownFileType = text.plist.entitlements; path = PicFeed.entitlements; sourceTree = "<group>"; };
		F21A5D1F1F2ACE3F0014F42B /* CloudKit.framework */ = {isa = PBXFileReference; lastKnownFileType = wrapper.framework; name = CloudKit.framework; path = System/Library/Frameworks/CloudKit.framework; sourceTree = SDKROOT; };
		F24FB34A1F283F0A00D26984 /* PicFeed.app */ = {isa = PBXFileReference; explicitFileType = wrapper.application; includeInIndex = 0; path = PicFeed.app; sourceTree = BUILT_PRODUCTS_DIR; };
		F24FB34D1F283F0A00D26984 /* AppDelegate.swift */ = {isa = PBXFileReference; lastKnownFileType = sourcecode.swift; path = AppDelegate.swift; sourceTree = "<group>"; };
		F24FB3521F283F0A00D26984 /* Base */ = {isa = PBXFileReference; lastKnownFileType = file.storyboard; name = Base; path = Base.lproj/Main.storyboard; sourceTree = "<group>"; };
		F24FB3541F283F0A00D26984 /* Assets.xcassets */ = {isa = PBXFileReference; lastKnownFileType = folder.assetcatalog; path = Assets.xcassets; sourceTree = "<group>"; };
		F24FB3571F283F0A00D26984 /* Base */ = {isa = PBXFileReference; lastKnownFileType = file.storyboard; name = Base; path = Base.lproj/LaunchScreen.storyboard; sourceTree = "<group>"; };
		F24FB3591F283F0A00D26984 /* Info.plist */ = {isa = PBXFileReference; lastKnownFileType = text.plist.xml; path = Info.plist; sourceTree = "<group>"; };
		F24FB3631F28473A00D26984 /* CouldKit.swift */ = {isa = PBXFileReference; fileEncoding = 4; lastKnownFileType = sourcecode.swift; name = CouldKit.swift; path = ../CouldKit.swift; sourceTree = "<group>"; };
		F24FB3651F284DE300D26984 /* HomeViewController.swift */ = {isa = PBXFileReference; fileEncoding = 4; lastKnownFileType = sourcecode.swift; path = HomeViewController.swift; sourceTree = "<group>"; };
/* End PBXFileReference section */

/* Begin PBXFrameworksBuildPhase section */
		F24FB3471F283F0A00D26984 /* Frameworks */ = {
			isa = PBXFrameworksBuildPhase;
			buildActionMask = 2147483647;
			files = (
				F21A5D201F2ACE3F0014F42B /* CloudKit.framework in Frameworks */,
			);
			runOnlyForDeploymentPostprocessing = 0;
		};
/* End PBXFrameworksBuildPhase section */

/* Begin PBXGroup section */
		F21A5D1E1F2ACE3F0014F42B /* Frameworks */ = {
			isa = PBXGroup;
			children = (
				F21A5D1F1F2ACE3F0014F42B /* CloudKit.framework */,
			);
			name = Frameworks;
			sourceTree = "<group>";
		};
		F24FB3411F283F0A00D26984 = {
			isa = PBXGroup;
			children = (
				F24FB34C1F283F0A00D26984 /* PicFeed */,
				F24FB34B1F283F0A00D26984 /* Products */,
				F21A5D1E1F2ACE3F0014F42B /* Frameworks */,
			);
			sourceTree = "<group>";
		};
		F24FB34B1F283F0A00D26984 /* Products */ = {
			isa = PBXGroup;
			children = (
				F24FB34A1F283F0A00D26984 /* PicFeed.app */,
			);
			name = Products;
			sourceTree = "<group>";
		};
		F24FB34C1F283F0A00D26984 /* PicFeed */ = {
			isa = PBXGroup;
			children = (
				F21A5D1D1F2ACE3C0014F42B /* PicFeed.entitlements */,
				F24FB3611F283FA400D26984 /* Model */,
				F24FB35F1F283F7500D26984 /* View */,
				F24FB3621F283FB700D26984 /* Controllers */,
				F24FB3601F283F8900D26984 /* Supporting */,
			);
			path = PicFeed;
			sourceTree = "<group>";
		};
		F24FB35F1F283F7500D26984 /* View */ = {
			isa = PBXGroup;
			children = (
				F24FB3511F283F0A00D26984 /* Main.storyboard */,
				F24FB3561F283F0A00D26984 /* LaunchScreen.storyboard */,
			);
			name = View;
			sourceTree = "<group>";
		};
		F24FB3601F283F8900D26984 /* Supporting */ = {
			isa = PBXGroup;
			children = (
				F24FB34D1F283F0A00D26984 /* AppDelegate.swift */,
				F24FB3541F283F0A00D26984 /* Assets.xcassets */,
				F24FB3591F283F0A00D26984 /* Info.plist */,
			);
			name = Supporting;
			sourceTree = "<group>";
		};
		F24FB3611F283FA400D26984 /* Model */ = {
			isa = PBXGroup;
			children = (
				F24FB3631F28473A00D26984 /* CouldKit.swift */,
			);
			name = Model;
			sourceTree = "<group>";
		};
		F24FB3621F283FB700D26984 /* Controllers */ = {
			isa = PBXGroup;
			children = (
				F24FB3651F284DE300D26984 /* HomeViewController.swift */,
			);
			name = Controllers;
			sourceTree = "<group>";
		};
/* End PBXGroup section */

/* Begin PBXNativeTarget section */
		F24FB3491F283F0A00D26984 /* PicFeed */ = {
			isa = PBXNativeTarget;
			buildConfigurationList = F24FB35C1F283F0A00D26984 /* Build configuration list for PBXNativeTarget "PicFeed" */;
			buildPhases = (
				F24FB3461F283F0A00D26984 /* Sources */,
				F24FB3471F283F0A00D26984 /* Frameworks */,
				F24FB3481F283F0A00D26984 /* Resources */,
			);
			buildRules = (
			);
			dependencies = (
			);
			name = PicFeed;
			productName = PicFeed;
			productReference = F24FB34A1F283F0A00D26984 /* PicFeed.app */;
			productType = "com.apple.product-type.application";
		};
/* End PBXNativeTarget section */

/* Begin PBXProject section */
		F24FB3421F283F0A00D26984 /* Project object */ = {
			isa = PBXProject;
			attributes = {
				LastSwiftUpdateCheck = 0830;
				LastUpgradeCheck = 0830;
				ORGANIZATIONNAME = "Brandon Holderman";
				TargetAttributes = {
					F24FB3491F283F0A00D26984 = {
						CreatedOnToolsVersion = 8.3.3;
						DevelopmentTeam = 4YPJZ528E9;
						ProvisioningStyle = Automatic;
						SystemCapabilities = {
							com.apple.Push = {
								enabled = 1;
							};
							com.apple.iCloud = {
								enabled = 1;
							};
						};
					};
				};
			};
			buildConfigurationList = F24FB3451F283F0A00D26984 /* Build configuration list for PBXProject "PicFeed" */;
			compatibilityVersion = "Xcode 3.2";
			developmentRegion = English;
			hasScannedForEncodings = 0;
			knownRegions = (
				en,
				Base,
			);
			mainGroup = F24FB3411F283F0A00D26984;
			productRefGroup = F24FB34B1F283F0A00D26984 /* Products */;
			projectDirPath = "";
			projectRoot = "";
			targets = (
				F24FB3491F283F0A00D26984 /* PicFeed */,
			);
		};
/* End PBXProject section */

/* Begin PBXResourcesBuildPhase section */
		F24FB3481F283F0A00D26984 /* Resources */ = {
			isa = PBXResourcesBuildPhase;
			buildActionMask = 2147483647;
			files = (
				F24FB3581F283F0A00D26984 /* LaunchScreen.storyboard in Resources */,
				F24FB3551F283F0A00D26984 /* Assets.xcassets in Resources */,
				F24FB3531F283F0A00D26984 /* Main.storyboard in Resources */,
			);
			runOnlyForDeploymentPostprocessing = 0;
		};
/* End PBXResourcesBuildPhase section */

/* Begin PBXSourcesBuildPhase section */
		F24FB3461F283F0A00D26984 /* Sources */ = {
			isa = PBXSourcesBuildPhase;
			buildActionMask = 2147483647;
			files = (
				F24FB3641F28473A00D26984 /* CouldKit.swift in Sources */,
				F24FB34E1F283F0A00D26984 /* AppDelegate.swift in Sources */,
				F24FB3661F284DE300D26984 /* HomeViewController.swift in Sources */,
			);
			runOnlyForDeploymentPostprocessing = 0;
		};
/* End PBXSourcesBuildPhase section */

/* Begin PBXVariantGroup section */
		F24FB3511F283F0A00D26984 /* Main.storyboard */ = {
			isa = PBXVariantGroup;
			children = (
				F24FB3521F283F0A00D26984 /* Base */,
			);
			name = Main.storyboard;
			sourceTree = "<group>";
		};
		F24FB3561F283F0A00D26984 /* LaunchScreen.storyboard */ = {
			isa = PBXVariantGroup;
			children = (
				F24FB3571F283F0A00D26984 /* Base */,
			);
			name = LaunchScreen.storyboard;
			sourceTree = "<group>";
		};
/* End PBXVariantGroup section */

/* Begin XCBuildConfiguration section */
		F24FB35A1F283F0A00D26984 /* Debug */ = {
			isa = XCBuildConfiguration;
			buildSettings = {
				ALWAYS_SEARCH_USER_PATHS = NO;
				CLANG_ANALYZER_NONNULL = YES;
				CLANG_ANALYZER_NUMBER_OBJECT_CONVERSION = YES_AGGRESSIVE;
				CLANG_CXX_LANGUAGE_STANDARD = "gnu++0x";
				CLANG_CXX_LIBRARY = "libc++";
				CLANG_ENABLE_MODULES = YES;
				CLANG_ENABLE_OBJC_ARC = YES;
				CLANG_WARN_BOOL_CONVERSION = YES;
				CLANG_WARN_CONSTANT_CONVERSION = YES;
				CLANG_WARN_DIRECT_OBJC_ISA_USAGE = YES_ERROR;
				CLANG_WARN_DOCUMENTATION_COMMENTS = YES;
				CLANG_WARN_EMPTY_BODY = YES;
				CLANG_WARN_ENUM_CONVERSION = YES;
				CLANG_WARN_INFINITE_RECURSION = YES;
				CLANG_WARN_INT_CONVERSION = YES;
				CLANG_WARN_OBJC_ROOT_CLASS = YES_ERROR;
				CLANG_WARN_SUSPICIOUS_MOVE = YES;
				CLANG_WARN_UNREACHABLE_CODE = YES;
				CLANG_WARN__DUPLICATE_METHOD_MATCH = YES;
				"CODE_SIGN_IDENTITY[sdk=iphoneos*]" = "iPhone Developer";
				COPY_PHASE_STRIP = NO;
				DEBUG_INFORMATION_FORMAT = dwarf;
				ENABLE_STRICT_OBJC_MSGSEND = YES;
				ENABLE_TESTABILITY = YES;
				GCC_C_LANGUAGE_STANDARD = gnu99;
				GCC_DYNAMIC_NO_PIC = NO;
				GCC_NO_COMMON_BLOCKS = YES;
				GCC_OPTIMIZATION_LEVEL = 0;
				GCC_PREPROCESSOR_DEFINITIONS = (
					"DEBUG=1",
					"$(inherited)",
				);
				GCC_WARN_64_TO_32_BIT_CONVERSION = YES;
				GCC_WARN_ABOUT_RETURN_TYPE = YES_ERROR;
				GCC_WARN_UNDECLARED_SELECTOR = YES;
				GCC_WARN_UNINITIALIZED_AUTOS = YES_AGGRESSIVE;
				GCC_WARN_UNUSED_FUNCTION = YES;
				GCC_WARN_UNUSED_VARIABLE = YES;
				IPHONEOS_DEPLOYMENT_TARGET = 10.3;
				MTL_ENABLE_DEBUG_INFO = YES;
				ONLY_ACTIVE_ARCH = YES;
				SDKROOT = iphoneos;
				SWIFT_ACTIVE_COMPILATION_CONDITIONS = DEBUG;
				SWIFT_OPTIMIZATION_LEVEL = "-Onone";
				TARGETED_DEVICE_FAMILY = "1,2";
			};
			name = Debug;
		};
		F24FB35B1F283F0A00D26984 /* Release */ = {
			isa = XCBuildConfiguration;
			buildSettings = {
				ALWAYS_SEARCH_USER_PATHS = NO;
				CLANG_ANALYZER_NONNULL = YES;
				CLANG_ANALYZER_NUMBER_OBJECT_CONVERSION = YES_AGGRESSIVE;
				CLANG_CXX_LANGUAGE_STANDARD = "gnu++0x";
				CLANG_CXX_LIBRARY = "libc++";
				CLANG_ENABLE_MODULES = YES;
				CLANG_ENABLE_OBJC_ARC = YES;
				CLANG_WARN_BOOL_CONVERSION = YES;
				CLANG_WARN_CONSTANT_CONVERSION = YES;
				CLANG_WARN_DIRECT_OBJC_ISA_USAGE = YES_ERROR;
				CLANG_WARN_DOCUMENTATION_COMMENTS = YES;
				CLANG_WARN_EMPTY_BODY = YES;
				CLANG_WARN_ENUM_CONVERSION = YES;
				CLANG_WARN_INFINITE_RECURSION = YES;
				CLANG_WARN_INT_CONVERSION = YES;
				CLANG_WARN_OBJC_ROOT_CLASS = YES_ERROR;
				CLANG_WARN_SUSPICIOUS_MOVE = YES;
				CLANG_WARN_UNREACHABLE_CODE = YES;
				CLANG_WARN__DUPLICATE_METHOD_MATCH = YES;
				"CODE_SIGN_IDENTITY[sdk=iphoneos*]" = "iPhone Developer";
				COPY_PHASE_STRIP = NO;
				DEBUG_INFORMATION_FORMAT = "dwarf-with-dsym";
				ENABLE_NS_ASSERTIONS = NO;
				ENABLE_STRICT_OBJC_MSGSEND = YES;
				GCC_C_LANGUAGE_STANDARD = gnu99;
				GCC_NO_COMMON_BLOCKS = YES;
				GCC_WARN_64_TO_32_BIT_CONVERSION = YES;
				GCC_WARN_ABOUT_RETURN_TYPE = YES_ERROR;
				GCC_WARN_UNDECLARED_SELECTOR = YES;
				GCC_WARN_UNINITIALIZED_AUTOS = YES_AGGRESSIVE;
				GCC_WARN_UNUSED_FUNCTION = YES;
				GCC_WARN_UNUSED_VARIABLE = YES;
				IPHONEOS_DEPLOYMENT_TARGET = 10.3;
				MTL_ENABLE_DEBUG_INFO = NO;
				SDKROOT = iphoneos;
				SWIFT_OPTIMIZATION_LEVEL = "-Owholemodule";
				TARGETED_DEVICE_FAMILY = "1,2";
				VALIDATE_PRODUCT = YES;
			};
			name = Release;
		};
		F24FB35D1F283F0A00D26984 /* Debug */ = {
			isa = XCBuildConfiguration;
			buildSettings = {
				ASSETCATALOG_COMPILER_APPICON_NAME = AppIcon;
				CODE_SIGN_ENTITLEMENTS = PicFeed/PicFeed.entitlements;
				DEVELOPMENT_TEAM = 4YPJZ528E9;
				INFOPLIST_FILE = PicFeed/Info.plist;
				LD_RUNPATH_SEARCH_PATHS = "$(inherited) @executable_path/Frameworks";
				PRODUCT_BUNDLE_IDENTIFIER = com.bhold6160.PicFeed;
				PRODUCT_NAME = "$(TARGET_NAME)";
				SWIFT_VERSION = 3.0;
			};
			name = Debug;
		};
		F24FB35E1F283F0A00D26984 /* Release */ = {
			isa = XCBuildConfiguration;
			buildSettings = {
				ASSETCATALOG_COMPILER_APPICON_NAME = AppIcon;
				CODE_SIGN_ENTITLEMENTS = PicFeed/PicFeed.entitlements;
				DEVELOPMENT_TEAM = 4YPJZ528E9;
				INFOPLIST_FILE = PicFeed/Info.plist;
				LD_RUNPATH_SEARCH_PATHS = "$(inherited) @executable_path/Frameworks";
				PRODUCT_BUNDLE_IDENTIFIER = com.bhold6160.PicFeed;
				PRODUCT_NAME = "$(TARGET_NAME)";
				SWIFT_VERSION = 3.0;
			};
			name = Release;
		};
/* End XCBuildConfiguration section */

/* Begin XCConfigurationList section */
		F24FB3451F283F0A00D26984 /* Build configuration list for PBXProject "PicFeed" */ = {
			isa = XCConfigurationList;
			buildConfigurations = (
				F24FB35A1F283F0A00D26984 /* Debug */,
				F24FB35B1F283F0A00D26984 /* Release */,
			);
			defaultConfigurationIsVisible = 0;
			defaultConfigurationName = Release;
		};
		F24FB35C1F283F0A00D26984 /* Build configuration list for PBXNativeTarget "PicFeed" */ = {
			isa = XCConfigurationList;
			buildConfigurations = (
				F24FB35D1F283F0A00D26984 /* Debug */,
				F24FB35E1F283F0A00D26984 /* Release */,
			);
			defaultConfigurationIsVisible = 0;
			defaultConfigurationName = Release;
		};
/* End XCConfigurationList section */
	};
	rootObject = F24FB3421F283F0A00D26984 /* Project object */;
}
